<?xml version="1.0" encoding="utf-8"?>
<Project ToolsVersion="4.0" xmlns="http://schemas.microsoft.com/developer/msbuild/2003">
  <ItemGroup>
    <Filter Include="Utils">
      <UniqueIdentifier>{6897ec37-10ba-46bb-af5a-d87e8155dbbf}</UniqueIdentifier>
    </Filter>
    <Filter Include="Resources">
      <UniqueIdentifier>{0efe9c13-6183-4c2c-832f-7b9e03c0af81}</UniqueIdentifier>
    </Filter>
    <Filter Include="Math">
      <UniqueIdentifier>{947ff596-4f44-479c-83da-3d73818002a9}</UniqueIdentifier>
    </Filter>
    <Filter Include="Shaders">
      <UniqueIdentifier>{bc99656a-ab0c-42c5-b368-084057c2ebf8}</UniqueIdentifier>
    </Filter>
    <Filter Include="Tests">
      <UniqueIdentifier>{092f7e45-4acb-4fe5-b817-f311ac78a8de}</UniqueIdentifier>
    </Filter>
    <Filter Include="TestScenes">
      <UniqueIdentifier>{339bccda-e760-443a-99ee-4be40776f51c}</UniqueIdentifier>
    </Filter>
    <Filter Include="Filters">
      <UniqueIdentifier>{27c18fe1-4130-47f8-8031-68bbc1b98e86}</UniqueIdentifier>
    </Filter>
    <Filter Include="Rendering">
      <UniqueIdentifier>{5bd90a75-800b-404c-bb10-7b8d45dc6e4b}</UniqueIdentifier>
    </Filter>
    <Filter Include="Runners">
      <UniqueIdentifier>{98d38d86-cf0a-48ff-99a9-2f5e07dd9e37}</UniqueIdentifier>
    </Filter>
    <Filter Include="Textures">
      <UniqueIdentifier>{5ee74c58-6320-4a4f-b9b0-ac8329dcd919}</UniqueIdentifier>
    </Filter>
    <Filter Include="Tonemappers">
      <UniqueIdentifier>{f1d7ad80-b17d-483a-ad99-e358751ad907}</UniqueIdentifier>
    </Filter>
    <Filter Include="Tracing">
      <UniqueIdentifier>{e41086c1-aec0-4f77-8f9d-6a045ee94c85}</UniqueIdentifier>
    </Filter>
    <Filter Include="RunnerStates">
      <UniqueIdentifier>{866932e9-b0c5-4908-b3d7-d317940ce93a}</UniqueIdentifier>
    </Filter>
    <Filter Include="Samplers">
      <UniqueIdentifier>{0eb52790-23f1-4bb2-a552-2cb8295f9600}</UniqueIdentifier>
    </Filter>
  </ItemGroup>
  <ItemGroup>
    <ClCompile Include="src\Utils\FpsCounter.cpp">
      <Filter>Utils</Filter>
    </ClCompile>
    <ClCompile Include="src\Utils\IniReader.cpp">
      <Filter>Utils</Filter>
    </ClCompile>
    <ClCompile Include="src\Utils\Log.cpp">
      <Filter>Utils</Filter>
    </ClCompile>
    <ClCompile Include="src\Math\Vector3.cpp">
      <Filter>Math</Filter>
    </ClCompile>
    <ClCompile Include="src\Math\Matrix4x4.cpp">
      <Filter>Math</Filter>
    </ClCompile>
    <ClCompile Include="src\Math\MathUtils.cpp">
      <Filter>Math</Filter>
    </ClCompile>
    <ClCompile Include="src\Math\EulerAngle.cpp">
      <Filter>Math</Filter>
    </ClCompile>
    <ClCompile Include="src\Math\Vector2.cpp">
      <Filter>Math</Filter>
    </ClCompile>
    <ClCompile Include="src\App.cpp" />
    <ClCompile Include="src\Math\Quaternion.cpp">
      <Filter>Math</Filter>
    </ClCompile>
    <ClCompile Include="src\Math\AxisAngle.cpp">
      <Filter>Math</Filter>
    </ClCompile>
    <ClCompile Include="src\Utils\PerlinNoise.cpp">
      <Filter>Utils</Filter>
    </ClCompile>
    <ClCompile Include="src\Math\MovingAverage.cpp">
      <Filter>Math</Filter>
    </ClCompile>
    <ClCompile Include="src\Utils\PoissonDisc.cpp">
      <Filter>Utils</Filter>
    </ClCompile>
    <ClCompile Include="src\Utils\CellNoise.cpp">
      <Filter>Utils</Filter>
    </ClCompile>
    <ClCompile Include="src\Tests\ColorGradientTest.cpp">
      <Filter>Tests</Filter>
    </ClCompile>
    <ClCompile Include="src\Tests\EulerAngleTest.cpp">
      <Filter>Tests</Filter>
    </ClCompile>
    <ClCompile Include="src\Tests\ImageTest.cpp">
      <Filter>Tests</Filter>
    </ClCompile>
    <ClCompile Include="src\Tests\MathUtilsTest.cpp">
      <Filter>Tests</Filter>
    </ClCompile>
    <ClCompile Include="src\Tests\Matrix4x4Test.cpp">
      <Filter>Tests</Filter>
    </ClCompile>
    <ClCompile Include="src\Tests\Vector3Test.cpp">
      <Filter>Tests</Filter>
    </ClCompile>
    <ClCompile Include="src\Utils\StringUtils.cpp">
      <Filter>Utils</Filter>
    </ClCompile>
    <ClCompile Include="src\Utils\ValueNoise.cpp">
      <Filter>Utils</Filter>
    </ClCompile>
    <ClCompile Include="src\Tests\SamplerTest.cpp">
      <Filter>Tests</Filter>
    </ClCompile>
    <ClCompile Include="src\TestScenes\TestScene1.cpp">
      <Filter>TestScenes</Filter>
    </ClCompile>
    <ClCompile Include="src\Tests\TestScenesTest.cpp">
      <Filter>Tests</Filter>
    </ClCompile>
    <ClCompile Include="src\Utils\ColorGradient.cpp">
      <Filter>Utils</Filter>
    </ClCompile>
    <ClCompile Include="src\Utils\GLHelper.cpp">
      <Filter>Utils</Filter>
    </ClCompile>
    <ClCompile Include="src\Tests\FilterTest.cpp">
      <Filter>Tests</Filter>
    </ClCompile>
    <ClCompile Include="src\Math\Solver.cpp">
      <Filter>Math</Filter>
    </ClCompile>
    <ClCompile Include="src\Tests\SolverTest.cpp">
      <Filter>Tests</Filter>
    </ClCompile>
    <ClCompile Include="src\Tests\PolynomialTest.cpp">
      <Filter>Tests</Filter>
    </ClCompile>
    <ClCompile Include="src\stdafx.cpp" />
    <ClCompile Include="src\Tests\ModelLoaderTest.cpp">
      <Filter>Tests</Filter>
    </ClCompile>
    <ClCompile Include="src\gl3w.cpp" />
    <ClCompile Include="src\Settings.cpp" />
    <ClCompile Include="src\Utils\Timer.cpp">
      <Filter>Utils</Filter>
    </ClCompile>
    <ClCompile Include="src\Utils\SysUtils.cpp">
      <Filter>Utils</Filter>
    </ClCompile>
    <ClCompile Include="src\Math\Vector4.cpp">
      <Filter>Math</Filter>
    </ClCompile>
    <ClCompile Include="src\Filters\BellFilter.cpp">
      <Filter>Filters</Filter>
    </ClCompile>
    <ClCompile Include="src\Filters\BoxFilter.cpp">
      <Filter>Filters</Filter>
    </ClCompile>
    <ClCompile Include="src\Filters\Filter.cpp">
      <Filter>Filters</Filter>
    </ClCompile>
    <ClCompile Include="src\Filters\GaussianFilter.cpp">
      <Filter>Filters</Filter>
    </ClCompile>
    <ClCompile Include="src\Filters\LanczosSincFilter.cpp">
      <Filter>Filters</Filter>
    </ClCompile>
    <ClCompile Include="src\Filters\MitchellFilter.cpp">
      <Filter>Filters</Filter>
    </ClCompile>
    <ClCompile Include="src\Filters\TentFilter.cpp">
      <Filter>Filters</Filter>
    </ClCompile>
    <ClCompile Include="src\Tracing\AABB.cpp">
      <Filter>Tracing</Filter>
    </ClCompile>
    <ClCompile Include="src\Tracing\Camera.cpp">
      <Filter>Tracing</Filter>
    </ClCompile>
    <ClCompile Include="src\Tracing\Pathtracer.cpp">
      <Filter>Tracing</Filter>
    </ClCompile>
    <ClCompile Include="src\Tracing\Ray.cpp">
      <Filter>Tracing</Filter>
    </ClCompile>
    <ClCompile Include="src\Tracing\Raytracer.cpp">
      <Filter>Tracing</Filter>
    </ClCompile>
    <ClCompile Include="src\Tracing\Scene.cpp">
      <Filter>Tracing</Filter>
    </ClCompile>
    <ClCompile Include="src\Tracing\Tracer.cpp">
      <Filter>Tracing</Filter>
    </ClCompile>
    <ClCompile Include="src\Tonemappers\LinearTonemapper.cpp">
      <Filter>Tonemappers</Filter>
    </ClCompile>
    <ClCompile Include="src\Tonemappers\PassthroughTonemapper.cpp">
      <Filter>Tonemappers</Filter>
    </ClCompile>
    <ClCompile Include="src\Tonemappers\ReinhardTonemapper.cpp">
      <Filter>Tonemappers</Filter>
    </ClCompile>
    <ClCompile Include="src\Tonemappers\SimpleTonemapper.cpp">
      <Filter>Tonemappers</Filter>
    </ClCompile>
    <ClCompile Include="src\Tonemappers\Tonemapper.cpp">
      <Filter>Tonemappers</Filter>
    </ClCompile>
    <ClCompile Include="src\Textures\AtmosphereTexture.cpp">
      <Filter>Textures</Filter>
    </ClCompile>
    <ClCompile Include="src\Textures\CellNoiseTexture.cpp">
      <Filter>Textures</Filter>
    </ClCompile>
    <ClCompile Include="src\Textures\CheckerTexture.cpp">
      <Filter>Textures</Filter>
    </ClCompile>
    <ClCompile Include="src\Textures\ColorGradientTexture.cpp">
      <Filter>Textures</Filter>
    </ClCompile>
    <ClCompile Include="src\Textures\ColorTexture.cpp">
      <Filter>Textures</Filter>
    </ClCompile>
    <ClCompile Include="src\Textures\FireTexture.cpp">
      <Filter>Textures</Filter>
    </ClCompile>
    <ClCompile Include="src\Textures\ImageTexture.cpp">
      <Filter>Textures</Filter>
    </ClCompile>
    <ClCompile Include="src\Textures\MarbleTexture.cpp">
      <Filter>Textures</Filter>
    </ClCompile>
    <ClCompile Include="src\Textures\PerlinNoiseTexture.cpp">
      <Filter>Textures</Filter>
    </ClCompile>
    <ClCompile Include="src\Textures\ValueNoiseTexture.cpp">
      <Filter>Textures</Filter>
    </ClCompile>
    <ClCompile Include="src\Textures\WoodTexture.cpp">
      <Filter>Textures</Filter>
    </ClCompile>
    <ClCompile Include="src\Textures\VoronoiTexture.cpp">
      <Filter>Textures</Filter>
    </ClCompile>
    <ClCompile Include="src\Runners\ConsoleRunner.cpp">
      <Filter>Runners</Filter>
    </ClCompile>
    <ClCompile Include="src\Runners\NetworkRunner.cpp">
      <Filter>Runners</Filter>
    </ClCompile>
    <ClCompile Include="src\Runners\WindowRunner.cpp">
      <Filter>Runners</Filter>
    </ClCompile>
    <ClCompile Include="src\RunnerStates\DefaultState.cpp">
      <Filter>RunnerStates</Filter>
    </ClCompile>
    <ClCompile Include="src\Rendering\Color.cpp">
      <Filter>Rendering</Filter>
    </ClCompile>
    <ClCompile Include="src\Rendering\Film.cpp">
      <Filter>Rendering</Filter>
    </ClCompile>
    <ClCompile Include="src\Rendering\FilmRenderer.cpp">
      <Filter>Rendering</Filter>
    </ClCompile>
    <ClCompile Include="src\Rendering\Image.cpp">
      <Filter>Rendering</Filter>
    </ClCompile>
    <ClCompile Include="src\Rendering\ImagePool.cpp">
      <Filter>Rendering</Filter>
    </ClCompile>
    <ClCompile Include="src\Rendering\Text.cpp">
      <Filter>Rendering</Filter>
    </ClCompile>
    <ClCompile Include="src\Samplers\CenterSampler.cpp">
      <Filter>Samplers</Filter>
    </ClCompile>
    <ClCompile Include="src\Samplers\CMJSampler.cpp">
      <Filter>Samplers</Filter>
    </ClCompile>
    <ClCompile Include="src\Samplers\JitteredSampler.cpp">
      <Filter>Samplers</Filter>
    </ClCompile>
    <ClCompile Include="src\Samplers\PoissonDiscSampler.cpp">
      <Filter>Samplers</Filter>
    </ClCompile>
    <ClCompile Include="src\Samplers\RandomSampler.cpp">
      <Filter>Samplers</Filter>
    </ClCompile>
    <ClCompile Include="src\Samplers\RegularSampler.cpp">
      <Filter>Samplers</Filter>
    </ClCompile>
    <ClCompile Include="src\Samplers\Sampler.cpp">
      <Filter>Samplers</Filter>
    </ClCompile>
    <ClCompile Include="src\Tracing\BVH.cpp">
      <Filter>Tracing</Filter>
    </ClCompile>
    <ClCompile Include="src\Tracing\Triangle.cpp">
      <Filter>Tracing</Filter>
    </ClCompile>
    <ClCompile Include="src\Tracing\ONB.cpp">
      <Filter>Tracing</Filter>
    </ClCompile>
    <ClCompile Include="src\Utils\ModelLoader.cpp">
      <Filter>Utils</Filter>
    </ClCompile>
  </ItemGroup>
  <ItemGroup>
    <ClInclude Include="src\Utils\FpsCounter.h">
      <Filter>Utils</Filter>
    </ClInclude>
    <ClInclude Include="src\Utils\IniReader.h">
      <Filter>Utils</Filter>
    </ClInclude>
    <ClInclude Include="src\Utils\Log.h">
      <Filter>Utils</Filter>
    </ClInclude>
    <ClInclude Include="src\Math\Vector3.h">
      <Filter>Math</Filter>
    </ClInclude>
    <ClInclude Include="src\Math\Matrix4x4.h">
      <Filter>Math</Filter>
    </ClInclude>
    <ClInclude Include="src\Math\MathUtils.h">
      <Filter>Math</Filter>
    </ClInclude>
    <ClInclude Include="src\Math\EulerAngle.h">
      <Filter>Math</Filter>
    </ClInclude>
    <ClInclude Include="src\Math\Vector2.h">
      <Filter>Math</Filter>
    </ClInclude>
    <ClInclude Include="src\App.h" />
    <ClInclude Include="src\Math\Quaternion.h">
      <Filter>Math</Filter>
    </ClInclude>
    <ClInclude Include="src\Math\AxisAngle.h">
      <Filter>Math</Filter>
    </ClInclude>
    <ClInclude Include="src\Utils\PerlinNoise.h">
      <Filter>Utils</Filter>
    </ClInclude>
    <ClInclude Include="src\Math\MovingAverage.h">
      <Filter>Math</Filter>
    </ClInclude>
    <ClInclude Include="src\Utils\PoissonDisc.h">
      <Filter>Utils</Filter>
    </ClInclude>
    <ClInclude Include="src\Utils\CellNoise.h">
      <Filter>Utils</Filter>
    </ClInclude>
    <ClInclude Include="src\Utils\StringUtils.h">
      <Filter>Utils</Filter>
    </ClInclude>
    <ClInclude Include="src\Utils\ValueNoise.h">
      <Filter>Utils</Filter>
    </ClInclude>
    <ClInclude Include="src\Utils\ColorGradient.h">
      <Filter>Utils</Filter>
    </ClInclude>
    <ClInclude Include="src\Utils\GLHelper.h">
      <Filter>Utils</Filter>
    </ClInclude>
    <ClInclude Include="src\Math\Solver.h">
      <Filter>Math</Filter>
    </ClInclude>
    <ClInclude Include="src\Math\Polynomial.h">
      <Filter>Math</Filter>
    </ClInclude>
    <ClInclude Include="src\Utils\ModelLoader.h">
      <Filter>Utils</Filter>
    </ClInclude>
    <ClInclude Include="src\stdafx.h" />
    <ClInclude Include="src\Common.h" />
    <ClInclude Include="src\Settings.h" />
    <ClInclude Include="src\Utils\Timer.h">
      <Filter>Utils</Filter>
    </ClInclude>
    <ClInclude Include="src\Utils\SysUtils.h">
      <Filter>Utils</Filter>
    </ClInclude>
    <ClInclude Include="src\Math\Vector4.h">
      <Filter>Math</Filter>
    </ClInclude>
    <ClInclude Include="src\Filters\BellFilter.h">
      <Filter>Filters</Filter>
    </ClInclude>
    <ClInclude Include="src\Filters\BoxFilter.h">
      <Filter>Filters</Filter>
    </ClInclude>
    <ClInclude Include="src\Filters\Filter.h">
      <Filter>Filters</Filter>
    </ClInclude>
    <ClInclude Include="src\Filters\GaussianFilter.h">
      <Filter>Filters</Filter>
    </ClInclude>
    <ClInclude Include="src\Filters\LanczosSincFilter.h">
      <Filter>Filters</Filter>
    </ClInclude>
    <ClInclude Include="src\Filters\MitchellFilter.h">
      <Filter>Filters</Filter>
    </ClInclude>
    <ClInclude Include="src\Filters\TentFilter.h">
      <Filter>Filters</Filter>
    </ClInclude>
    <ClInclude Include="src\Tracing\AABB.h">
      <Filter>Tracing</Filter>
    </ClInclude>
    <ClInclude Include="src\Tracing\Camera.h">
      <Filter>Tracing</Filter>
    </ClInclude>
    <ClInclude Include="src\Tracing\Intersection.h">
      <Filter>Tracing</Filter>
    </ClInclude>
    <ClInclude Include="src\Tracing\Lights.h">
      <Filter>Tracing</Filter>
    </ClInclude>
    <ClInclude Include="src\Tracing\Material.h">
      <Filter>Tracing</Filter>
    </ClInclude>
    <ClInclude Include="src\Tracing\Pathtracer.h">
      <Filter>Tracing</Filter>
    </ClInclude>
    <ClInclude Include="src\Tracing\Ray.h">
      <Filter>Tracing</Filter>
    </ClInclude>
    <ClInclude Include="src\Tracing\Raytracer.h">
      <Filter>Tracing</Filter>
    </ClInclude>
    <ClInclude Include="src\Tracing\Scene.h">
      <Filter>Tracing</Filter>
    </ClInclude>
    <ClInclude Include="src\Tracing\Tracer.h">
      <Filter>Tracing</Filter>
    </ClInclude>
    <ClInclude Include="src\Tracing\TracerState.h">
      <Filter>Tracing</Filter>
    </ClInclude>
    <ClInclude Include="src\Tonemappers\LinearTonemapper.h">
      <Filter>Tonemappers</Filter>
    </ClInclude>
    <ClInclude Include="src\Tonemappers\PassthroughTonemapper.h">
      <Filter>Tonemappers</Filter>
    </ClInclude>
    <ClInclude Include="src\Tonemappers\ReinhardTonemapper.h">
      <Filter>Tonemappers</Filter>
    </ClInclude>
    <ClInclude Include="src\Tonemappers\SimpleTonemapper.h">
      <Filter>Tonemappers</Filter>
    </ClInclude>
    <ClInclude Include="src\Tonemappers\Tonemapper.h">
      <Filter>Tonemappers</Filter>
    </ClInclude>
    <ClInclude Include="src\Textures\AtmosphereTexture.h">
      <Filter>Textures</Filter>
    </ClInclude>
    <ClInclude Include="src\Textures\CellNoiseTexture.h">
      <Filter>Textures</Filter>
    </ClInclude>
    <ClInclude Include="src\Textures\CheckerTexture.h">
      <Filter>Textures</Filter>
    </ClInclude>
    <ClInclude Include="src\Textures\ColorGradientTexture.h">
      <Filter>Textures</Filter>
    </ClInclude>
    <ClInclude Include="src\Textures\ColorTexture.h">
      <Filter>Textures</Filter>
    </ClInclude>
    <ClInclude Include="src\Textures\FireTexture.h">
      <Filter>Textures</Filter>
    </ClInclude>
    <ClInclude Include="src\Textures\ImageTexture.h">
      <Filter>Textures</Filter>
    </ClInclude>
    <ClInclude Include="src\Textures\MarbleTexture.h">
      <Filter>Textures</Filter>
    </ClInclude>
    <ClInclude Include="src\Textures\PerlinNoiseTexture.h">
      <Filter>Textures</Filter>
    </ClInclude>
    <ClInclude Include="src\Textures\Texture.h">
      <Filter>Textures</Filter>
    </ClInclude>
    <ClInclude Include="src\Textures\ValueNoiseTexture.h">
      <Filter>Textures</Filter>
    </ClInclude>
    <ClInclude Include="src\Textures\WoodTexture.h">
      <Filter>Textures</Filter>
    </ClInclude>
    <ClInclude Include="src\Textures\VoronoiTexture.h">
      <Filter>Textures</Filter>
    </ClInclude>
    <ClInclude Include="src\Runners\ConsoleRunner.h">
      <Filter>Runners</Filter>
    </ClInclude>
    <ClInclude Include="src\Runners\NetworkRunner.h">
      <Filter>Runners</Filter>
    </ClInclude>
    <ClInclude Include="src\Runners\WindowRunner.h">
      <Filter>Runners</Filter>
    </ClInclude>
    <ClInclude Include="src\RunnerStates\DefaultState.h">
      <Filter>RunnerStates</Filter>
    </ClInclude>
    <ClInclude Include="src\RunnerStates\RunnerState.h">
      <Filter>RunnerStates</Filter>
    </ClInclude>
    <ClInclude Include="src\Rendering\Color.h">
      <Filter>Rendering</Filter>
    </ClInclude>
    <ClInclude Include="src\Rendering\Film.h">
      <Filter>Rendering</Filter>
    </ClInclude>
    <ClInclude Include="src\Rendering\FilmRenderer.h">
      <Filter>Rendering</Filter>
    </ClInclude>
    <ClInclude Include="src\Rendering\Image.h">
      <Filter>Rendering</Filter>
    </ClInclude>
    <ClInclude Include="src\Rendering\ImagePool.h">
      <Filter>Rendering</Filter>
    </ClInclude>
    <ClInclude Include="src\Rendering\Text.h">
      <Filter>Rendering</Filter>
    </ClInclude>
    <ClInclude Include="src\Samplers\CenterSampler.h">
      <Filter>Samplers</Filter>
    </ClInclude>
    <ClInclude Include="src\Samplers\CMJSampler.h">
      <Filter>Samplers</Filter>
    </ClInclude>
    <ClInclude Include="src\Samplers\JitteredSampler.h">
      <Filter>Samplers</Filter>
    </ClInclude>
    <ClInclude Include="src\Samplers\PoissonDiscSampler.h">
      <Filter>Samplers</Filter>
    </ClInclude>
    <ClInclude Include="src\Samplers\RandomSampler.h">
      <Filter>Samplers</Filter>
    </ClInclude>
    <ClInclude Include="src\Samplers\RegularSampler.h">
      <Filter>Samplers</Filter>
    </ClInclude>
    <ClInclude Include="src\Samplers\Sampler.h">
      <Filter>Samplers</Filter>
    </ClInclude>
    <ClInclude Include="src\Tracing\BVH.h">
      <Filter>Tracing</Filter>
    </ClInclude>
    <ClInclude Include="src\Tracing\Triangle.h">
      <Filter>Tracing</Filter>
    </ClInclude>
    <ClInclude Include="src\Tracing\ONB.h">
      <Filter>Tracing</Filter>
    </ClInclude>
  </ItemGroup>
  <ItemGroup>
    <ResourceCompile Include="platform\windows\raycer.rc">
      <Filter>Resources</Filter>
    </ResourceCompile>
  </ItemGroup>
  <ItemGroup>
    <None Include="data\shaders\framebuffer.frag">
      <Filter>Shaders</Filter>
    </None>
    <None Include="data\shaders\framebuffer.vert">
      <Filter>Shaders</Filter>
    </None>
    <None Include="data\shaders\framebuffer_bicubic.frag">
      <Filter>Shaders</Filter>
    </None>
    <None Include="data\shaders\framebuffer_bicubic.vert">
      <Filter>Shaders</Filter>
    </None>
    <None Include="data\shaders\text.frag">
      <Filter>Shaders</Filter>
    </None>
    <None Include="data\shaders\text.vert">
      <Filter>Shaders</Filter>
    </None>
    <None Include="src\Utils\Log.inl">
      <Filter>Utils</Filter>
    </None>
    <None Include="src\Math\Polynomial.inl">
      <Filter>Math</Filter>
    </None>
  </ItemGroup>
</Project>